
Microsoft Visual Studio Solution File, Format Version 12.00
Project("{FAE04EC0-301F-11D3-BF4B-00C04F79EFBC}") = "Task1_2", "Task1_2\Task1_2.csproj", "{C905FE0B-47B1-45F3-8CDF-FD0724C3CE0B}"
EndProject
Global
	GlobalSection(SolutionConfigurationPlatforms) = preSolution
		Debug|Any CPU = Debug|Any CPU
		Release|Any CPU = Release|Any CPU
	EndGlobalSection
	GlobalSection(ProjectConfigurationPlatforms) = postSolution
		{C905FE0B-47B1-45F3-8CDF-FD0724C3CE0B}.Debug|Any CPU.ActiveCfg = Debug|Any CPU
		{C905FE0B-47B1-45F3-8CDF-FD0724C3CE0B}.Debug|Any CPU.Build.0 = Debug|Any CPU
		{C905FE0B-47B1-45F3-8CDF-FD0724C3CE0B}.Release|Any CPU.ActiveCfg = Release|Any CPU
		{C905FE0B-47B1-45F3-8CDF-FD0724C3CE0B}.Release|Any CPU.Build.0 = Release|Any CPU
	EndGlobalSection
EndGlobal
